
Microsoft Visual Studio Solution File, Format Version 12.00
# Visual Studio Version 17
VisualStudioVersion = 17.1.32210.238
MinimumVisualStudioVersion = 10.0.40219.1
Project("{FAE04EC0-301F-11D3-BF4B-00C04F79EFBC}") = "WebAPI", "WebAPI\WebAPI.csproj", "{3B37513C-00F0-4E21-ACA7-274F7C483BD6}"
EndProject
Project("{FAE04EC0-301F-11D3-BF4B-00C04F79EFBC}") = "GeoIPWorkerService", "GeoIPWorkerService\GeoIPWorkerService.csproj", "{480AEF87-2487-48A3-B8C4-7792121D51AD}"
EndProject
Project("{FAE04EC0-301F-11D3-BF4B-00C04F79EFBC}") = "RDAPWorkerService", "RDAPWorkerService\RDAPWorkerService.csproj", "{79814DA5-78A2-4129-B843-26DC476A1DF1}"
EndProject
Global
	GlobalSection(SolutionConfigurationPlatforms) = preSolution
		Debug|Any CPU = Debug|Any CPU
		Release|Any CPU = Release|Any CPU
	EndGlobalSection
	GlobalSection(ProjectConfigurationPlatforms) = postSolution
		{3B37513C-00F0-4E21-ACA7-274F7C483BD6}.Debug|Any CPU.ActiveCfg = Debug|Any CPU
		{3B37513C-00F0-4E21-ACA7-274F7C483BD6}.Debug|Any CPU.Build.0 = Debug|Any CPU
		{3B37513C-00F0-4E21-ACA7-274F7C483BD6}.Release|Any CPU.ActiveCfg = Release|Any CPU
		{3B37513C-00F0-4E21-ACA7-274F7C483BD6}.Release|Any CPU.Build.0 = Release|Any CPU
		{480AEF87-2487-48A3-B8C4-7792121D51AD}.Debug|Any CPU.ActiveCfg = Debug|Any CPU
		{480AEF87-2487-48A3-B8C4-7792121D51AD}.Debug|Any CPU.Build.0 = Debug|Any CPU
		{480AEF87-2487-48A3-B8C4-7792121D51AD}.Release|Any CPU.ActiveCfg = Release|Any CPU
		{480AEF87-2487-48A3-B8C4-7792121D51AD}.Release|Any CPU.Build.0 = Release|Any CPU
		{79814DA5-78A2-4129-B843-26DC476A1DF1}.Debug|Any CPU.ActiveCfg = Debug|Any CPU
		{79814DA5-78A2-4129-B843-26DC476A1DF1}.Debug|Any CPU.Build.0 = Debug|Any CPU
		{79814DA5-78A2-4129-B843-26DC476A1DF1}.Release|Any CPU.ActiveCfg = Release|Any CPU
		{79814DA5-78A2-4129-B843-26DC476A1DF1}.Release|Any CPU.Build.0 = Release|Any CPU
	EndGlobalSection
	GlobalSection(SolutionProperties) = preSolution
		HideSolutionNode = FALSE
	EndGlobalSection
	GlobalSection(ExtensibilityGlobals) = postSolution
		SolutionGuid = {D9480AF0-9E76-4C4E-B72D-C64DD14CD4D2}
	EndGlobalSection
EndGlobal
